
Microsoft Visual Studio Solution File, Format Version 12.00
# Visual Studio 15
VisualStudioVersion = 15.0.27428.2011
MinimumVisualStudioVersion = 10.0.40219.1
Project("{FAE04EC0-301F-11D3-BF4B-00C04F79EFBC}") = "MvcMovie", "MvcMovie\MvcMovie.csproj", "{19E2F695-8BD7-498A-BC29-F8BE54BDBF9C}"
EndProject
Global
	GlobalSection(SolutionConfigurationPlatforms) = preSolution
		Debug|Any CPU = Debug|Any CPU
		Release|Any CPU = Release|Any CPU
	EndGlobalSection
	GlobalSection(ProjectConfigurationPlatforms) = postSolution
		{19E2F695-8BD7-498A-BC29-F8BE54BDBF9C}.Debug|Any CPU.ActiveCfg = Debug|Any CPU
		{19E2F695-8BD7-498A-BC29-F8BE54BDBF9C}.Debug|Any CPU.Build.0 = Debug|Any CPU
		{19E2F695-8BD7-498A-BC29-F8BE54BDBF9C}.Release|Any CPU.ActiveCfg = Release|Any CPU
		{19E2F695-8BD7-498A-BC29-F8BE54BDBF9C}.Release|Any CPU.Build.0 = Release|Any CPU
	EndGlobalSection
	GlobalSection(SolutionProperties) = preSolution
		HideSolutionNode = FALSE
	EndGlobalSection
	GlobalSection(ExtensibilityGlobals) = postSolution
		SolutionGuid = {67B94891-A628-4397-90A2-37D5C1C93622}
	EndGlobalSection
EndGlobal
